// !$*UTF8*$!
{
	archiveVersion = 1;
	classes = {
	};
	objectVersion = 52;
	objects = {

/* Begin PBXBuildFile section */
		9F2F404D2535B727005F524C /* AppDelegate.swift in Sources */ = {isa = PBXBuildFile; fileRef = 9F2F404C2535B727005F524C /* AppDelegate.swift */; };
		9F2F404F2535B727005F524C /* SceneDelegate.swift in Sources */ = {isa = PBXBuildFile; fileRef = 9F2F404E2535B727005F524C /* SceneDelegate.swift */; };
		9F2F40512535B727005F524C /* ContentView.swift in Sources */ = {isa = PBXBuildFile; fileRef = 9F2F40502535B727005F524C /* ContentView.swift */; };
		9F2F40532535B727005F524C /* Assets.xcassets in Resources */ = {isa = PBXBuildFile; fileRef = 9F2F40522535B727005F524C /* Assets.xcassets */; };
		9F2F40562535B727005F524C /* Preview Assets.xcassets in Resources */ = {isa = PBXBuildFile; fileRef = 9F2F40552535B727005F524C /* Preview Assets.xcassets */; };
		9F2F40592535B727005F524C /* LaunchScreen.storyboard in Resources */ = {isa = PBXBuildFile; fileRef = 9F2F40572535B727005F524C /* LaunchScreen.storyboard */; };
		9F2F40622535B736005F524C /* NetworkManager.swift in Sources */ = {isa = PBXBuildFile; fileRef = 9F2F40612535B735005F524C /* NetworkManager.swift */; };
		9F2F40682535B779005F524C /* MovieList.swift in Sources */ = {isa = PBXBuildFile; fileRef = 9F2F40642535B779005F524C /* MovieList.swift */; };
		9F2F40692535B779005F524C /* Movie.swift in Sources */ = {isa = PBXBuildFile; fileRef = 9F2F40652535B779005F524C /* Movie.swift */; };
		9F2F406A2535B779005F524C /* MovieRow.swift in Sources */ = {isa = PBXBuildFile; fileRef = 9F2F40662535B779005F524C /* MovieRow.swift */; };
		9F2F406B2535B779005F524C /* MovieDetails.swift in Sources */ = {isa = PBXBuildFile; fileRef = 9F2F40672535B779005F524C /* MovieDetails.swift */; };
		9F2F407C2535B939005F524C /* URLImage in Frameworks */ = {isa = PBXBuildFile; productRef = 9F2F407B2535B939005F524C /* URLImage */; };
/* End PBXBuildFile section */

/* Begin PBXFileReference section */
		9F2F40492535B727005F524C /* movielist-mvvm-swiftui.app */ = {isa = PBXFileReference; explicitFileType = wrapper.application; includeInIndex = 0; path = "movielist-mvvm-swiftui.app"; sourceTree = BUILT_PRODUCTS_DIR; };
		9F2F404C2535B727005F524C /* AppDelegate.swift */ = {isa = PBXFileReference; lastKnownFileType = sourcecode.swift; path = AppDelegate.swift; sourceTree = "<group>"; };
		9F2F404E2535B727005F524C /* SceneDelegate.swift */ = {isa = PBXFileReference; lastKnownFileType = sourcecode.swift; path = SceneDelegate.swift; sourceTree = "<group>"; };
		9F2F40502535B727005F524C /* ContentView.swift */ = {isa = PBXFileReference; lastKnownFileType = sourcecode.swift; path = ContentView.swift; sourceTree = "<group>"; };
		9F2F40522535B727005F524C /* Assets.xcassets */ = {isa = PBXFileReference; lastKnownFileType = folder.assetcatalog; path = Assets.xcassets; sourceTree = "<group>"; };
		9F2F40552535B727005F524C /* Preview Assets.xcassets */ = {isa = PBXFileReference; lastKnownFileType = folder.assetcatalog; path = "Preview Assets.xcassets"; sourceTree = "<group>"; };
		9F2F40582535B727005F524C /* Base */ = {isa = PBXFileReference; lastKnownFileType = file.storyboard; name = Base; path = Base.lproj/LaunchScreen.storyboard; sourceTree = "<group>"; };
		9F2F405A2535B727005F524C /* Info.plist */ = {isa = PBXFileReference; lastKnownFileType = text.plist.xml; path = Info.plist; sourceTree = "<group>"; };
		9F2F40612535B735005F524C /* NetworkManager.swift */ = {isa = PBXFileReference; fileEncoding = 4; lastKnownFileType = sourcecode.swift; path = NetworkManager.swift; sourceTree = "<group>"; };
		9F2F40642535B779005F524C /* MovieList.swift */ = {isa = PBXFileReference; fileEncoding = 4; lastKnownFileType = sourcecode.swift; path = MovieList.swift; sourceTree = "<group>"; };
		9F2F40652535B779005F524C /* Movie.swift */ = {isa = PBXFileReference; fileEncoding = 4; lastKnownFileType = sourcecode.swift; path = Movie.swift; sourceTree = "<group>"; };
		9F2F40662535B779005F524C /* MovieRow.swift */ = {isa = PBXFileReference; fileEncoding = 4; lastKnownFileType = sourcecode.swift; path = MovieRow.swift; sourceTree = "<group>"; };
		9F2F40672535B779005F524C /* MovieDetails.swift */ = {isa = PBXFileReference; fileEncoding = 4; lastKnownFileType = sourcecode.swift; path = MovieDetails.swift; sourceTree = "<group>"; };
/* End PBXFileReference section */

/* Begin PBXFrameworksBuildPhase section */
		9F2F40462535B727005F524C /* Frameworks */ = {
			isa = PBXFrameworksBuildPhase;
			buildActionMask = 2147483647;
			files = (
				9F2F407C2535B939005F524C /* URLImage in Frameworks */,
			);
			runOnlyForDeploymentPostprocessing = 0;
		};
/* End PBXFrameworksBuildPhase section */

/* Begin PBXGroup section */
		9F2F40402535B727005F524C = {
			isa = PBXGroup;
			children = (
				9F2F404B2535B727005F524C /* movielist-mvvm-swiftui */,
				9F2F404A2535B727005F524C /* Products */,
			);
			sourceTree = "<group>";
		};
		9F2F404A2535B727005F524C /* Products */ = {
			isa = PBXGroup;
			children = (
				9F2F40492535B727005F524C /* movielist-mvvm-swiftui.app */,
			);
			name = Products;
			sourceTree = "<group>";
		};
		9F2F404B2535B727005F524C /* movielist-mvvm-swiftui */ = {
			isa = PBXGroup;
			children = (
				9F2F404C2535B727005F524C /* AppDelegate.swift */,
				9F2F404E2535B727005F524C /* SceneDelegate.swift */,
				9F2F40502535B727005F524C /* ContentView.swift */,
				9F2F40612535B735005F524C /* NetworkManager.swift */,
				9F2F40652535B779005F524C /* Movie.swift */,
				9F2F40672535B779005F524C /* MovieDetails.swift */,
				9F2F40642535B779005F524C /* MovieList.swift */,
				9F2F40662535B779005F524C /* MovieRow.swift */,
				9F2F40522535B727005F524C /* Assets.xcassets */,
				9F2F40572535B727005F524C /* LaunchScreen.storyboard */,
				9F2F405A2535B727005F524C /* Info.plist */,
				9F2F40542535B727005F524C /* Preview Content */,
			);
			path = "movielist-mvvm-swiftui";
			sourceTree = "<group>";
		};
		9F2F40542535B727005F524C /* Preview Content */ = {
			isa = PBXGroup;
			children = (
				9F2F40552535B727005F524C /* Preview Assets.xcassets */,
			);
			path = "Preview Content";
			sourceTree = "<group>";
		};
/* End PBXGroup section */

/* Begin PBXNativeTarget section */
		9F2F40482535B727005F524C /* movielist-mvvm-swiftui */ = {
			isa = PBXNativeTarget;
			buildConfigurationList = 9F2F405D2535B727005F524C /* Build configuration list for PBXNativeTarget "movielist-mvvm-swiftui" */;
			buildPhases = (
				9F2F40452535B727005F524C /* Sources */,
				9F2F40462535B727005F524C /* Frameworks */,
				9F2F40472535B727005F524C /* Resources */,
			);
			buildRules = (
			);
			dependencies = (
			);
			name = "movielist-mvvm-swiftui";
			packageProductDependencies = (
				9F2F407B2535B939005F524C /* URLImage */,
			);
			productName = "movielist-mvvm-swiftui";
			productReference = 9F2F40492535B727005F524C /* movielist-mvvm-swiftui.app */;
			productType = "com.apple.product-type.application";
		};
/* End PBXNativeTarget section */

/* Begin PBXProject section */
		9F2F40412535B727005F524C /* Project object */ = {
			isa = PBXProject;
			attributes = {
				LastSwiftUpdateCheck = 1200;
				LastUpgradeCheck = 1200;
				TargetAttributes = {
					9F2F40482535B727005F524C = {
						CreatedOnToolsVersion = 12.0;
					};
				};
			};
			buildConfigurationList = 9F2F40442535B727005F524C /* Build configuration list for PBXProject "movielist-mvvm-swiftui" */;
			compatibilityVersion = "Xcode 9.3";
			developmentRegion = en;
			hasScannedForEncodings = 0;
			knownRegions = (
				en,
				Base,
			);
			mainGroup = 9F2F40402535B727005F524C;
			packageReferences = (
				9F2F407A2535B939005F524C /* XCRemoteSwiftPackageReference "url-image" */,
			);
			productRefGroup = 9F2F404A2535B727005F524C /* Products */;
			projectDirPath = "";
			projectRoot = "";
			targets = (
				9F2F40482535B727005F524C /* movielist-mvvm-swiftui */,
			);
		};
/* End PBXProject section */

/* Begin PBXResourcesBuildPhase section */
		9F2F40472535B727005F524C /* Resources */ = {
			isa = PBXResourcesBuildPhase;
			buildActionMask = 2147483647;
			files = (
				9F2F40592535B727005F524C /* LaunchScreen.storyboard in Resources */,
				9F2F40562535B727005F524C /* Preview Assets.xcassets in Resources */,
				9F2F40532535B727005F524C /* Assets.xcassets in Resources */,
			);
			runOnlyForDeploymentPostprocessing = 0;
		};
/* End PBXResourcesBuildPhase section */

/* Begin PBXSourcesBuildPhase section */
		9F2F40452535B727005F524C /* Sources */ = {
			isa = PBXSourcesBuildPhase;
			buildActionMask = 2147483647;
			files = (
				9F2F40622535B736005F524C /* NetworkManager.swift in Sources */,
				9F2F404D2535B727005F524C /* AppDelegate.swift in Sources */,
				9F2F40692535B779005F524C /* Movie.swift in Sources */,
				9F2F406B2535B779005F524C /* MovieDetails.swift in Sources */,
				9F2F404F2535B727005F524C /* SceneDelegate.swift in Sources */,
				9F2F406A2535B779005F524C /* MovieRow.swift in Sources */,
				9F2F40682535B779005F524C /* MovieList.swift in Sources */,
				9F2F40512535B727005F524C /* ContentView.swift in Sources */,
			);
			runOnlyForDeploymentPostprocessing = 0;
		};
/* End PBXSourcesBuildPhase section */

/* Begin PBXVariantGroup section */
		9F2F40572535B727005F524C /* LaunchScreen.storyboard */ = {
			isa = PBXVariantGroup;
			children = (
				9F2F40582535B727005F524C /* Base */,
			);
			name = LaunchScreen.storyboard;
			sourceTree = "<group>";
		};
/* End PBXVariantGroup section */

/* Begin XCBuildConfiguration section */
		9F2F405B2535B727005F524C /* Debug */ = {
			isa = XCBuildConfiguration;
			buildSettings = {
				ALWAYS_SEARCH_USER_PATHS = NO;
				CLANG_ANALYZER_NONNULL = YES;
				CLANG_ANALYZER_NUMBER_OBJECT_CONVERSION = YES_AGGRESSIVE;
				CLANG_CXX_LANGUAGE_STANDARD = "gnu++14";
				CLANG_CXX_LIBRARY = "libc++";
				CLANG_ENABLE_MODULES = YES;
				CLANG_ENABLE_OBJC_ARC = YES;
				CLANG_ENABLE_OBJC_WEAK = YES;
				CLANG_WARN_BLOCK_CAPTURE_AUTORELEASING = YES;
				CLANG_WARN_BOOL_CONVERSION = YES;
				CLANG_WARN_COMMA = YES;
				CLANG_WARN_CONSTANT_CONVERSION = YES;
				CLANG_WARN_DEPRECATED_OBJC_IMPLEMENTATIONS = YES;
				CLANG_WARN_DIRECT_OBJC_ISA_USAGE = YES_ERROR;
				CLANG_WARN_DOCUMENTATION_COMMENTS = YES;
				CLANG_WARN_EMPTY_BODY = YES;
				CLANG_WARN_ENUM_CONVERSION = YES;
				CLANG_WARN_INFINITE_RECURSION = YES;
				CLANG_WARN_INT_CONVERSION = YES;
				CLANG_WARN_NON_LITERAL_NULL_CONVERSION = YES;
				CLANG_WARN_OBJC_IMPLICIT_RETAIN_SELF = YES;
				CLANG_WARN_OBJC_LITERAL_CONVERSION = YES;
				CLANG_WARN_OBJC_ROOT_CLASS = YES_ERROR;
				CLANG_WARN_QUOTED_INCLUDE_IN_FRAMEWORK_HEADER = YES;
				CLANG_WARN_RANGE_LOOP_ANALYSIS = YES;
				CLANG_WARN_STRICT_PROTOTYPES = YES;
				CLANG_WARN_SUSPICIOUS_MOVE = YES;
				CLANG_WARN_UNGUARDED_AVAILABILITY = YES_AGGRESSIVE;
				CLANG_WARN_UNREACHABLE_CODE = YES;
				CLANG_WARN__DUPLICATE_METHOD_MATCH = YES;
				COPY_PHASE_STRIP = NO;
				DEBUG_INFORMATION_FORMAT = dwarf;
				ENABLE_STRICT_OBJC_MSGSEND = YES;
				ENABLE_TESTABILITY = YES;
				GCC_C_LANGUAGE_STANDARD = gnu11;
				GCC_DYNAMIC_NO_PIC = NO;
				GCC_NO_COMMON_BLOCKS = YES;
				GCC_OPTIMIZATION_LEVEL = 0;
				GCC_PREPROCESSOR_DEFINITIONS = (
					"DEBUG=1",
					"$(inherited)",
				);
				GCC_WARN_64_TO_32_BIT_CONVERSION = YES;
				GCC_WARN_ABOUT_RETURN_TYPE = YES_ERROR;
				GCC_WARN_UNDECLARED_SELECTOR = YES;
				GCC_WARN_UNINITIALIZED_AUTOS = YES_AGGRESSIVE;
				GCC_WARN_UNUSED_FUNCTION = YES;
				GCC_WARN_UNUSED_VARIABLE = YES;
				IPHONEOS_DEPLOYMENT_TARGET = 14.0;
				MTL_ENABLE_DEBUG_INFO = INCLUDE_SOURCE;
				MTL_FAST_MATH = YES;
				ONLY_ACTIVE_ARCH = YES;
				SDKROOT = iphoneos;
				SWIFT_ACTIVE_COMPILATION_CONDITIONS = DEBUG;
				SWIFT_OPTIMIZATION_LEVEL = "-Onone";
			};
			name = Debug;
		};
		9F2F405C2535B727005F524C /* Release */ = {
			isa = XCBuildConfiguration;
			buildSettings = {
				ALWAYS_SEARCH_USER_PATHS = NO;
				CLANG_ANALYZER_NONNULL = YES;
				CLANG_ANALYZER_NUMBER_OBJECT_CONVERSION = YES_AGGRESSIVE;
				CLANG_CXX_LANGUAGE_STANDARD = "gnu++14";
				CLANG_CXX_LIBRARY = "libc++";
				CLANG_ENABLE_MODULES = YES;
				CLANG_ENABLE_OBJC_ARC = YES;
				CLANG_ENABLE_OBJC_WEAK = YES;
				CLANG_WARN_BLOCK_CAPTURE_AUTORELEASING = YES;
				CLANG_WARN_BOOL_CONVERSION = YES;
				CLANG_WARN_COMMA = YES;
				CLANG_WARN_CONSTANT_CONVERSION = YES;
				CLANG_WARN_DEPRECATED_OBJC_IMPLEMENTATIONS = YES;
				CLANG_WARN_DIRECT_OBJC_ISA_USAGE = YES_ERROR;
				CLANG_WARN_DOCUMENTATION_COMMENTS = YES;
				CLANG_WARN_EMPTY_BODY = YES;
				CLANG_WARN_ENUM_CONVERSION = YES;
				CLANG_WARN_INFINITE_RECURSION = YES;
				CLANG_WARN_INT_CONVERSION = YES;
				CLANG_WARN_NON_LITERAL_NULL_CONVERSION = YES;
				CLANG_WARN_OBJC_IMPLICIT_RETAIN_SELF = YES;
				CLANG_WARN_OBJC_LITERAL_CONVERSION = YES;
				CLANG_WARN_OBJC_ROOT_CLASS = YES_ERROR;
				CLANG_WARN_QUOTED_INCLUDE_IN_FRAMEWORK_HEADER = YES;
				CLANG_WARN_RANGE_LOOP_ANALYSIS = YES;
				CLANG_WARN_STRICT_PROTOTYPES = YES;
				CLANG_WARN_SUSPICIOUS_MOVE = YES;
				CLANG_WARN_UNGUARDED_AVAILABILITY = YES_AGGRESSIVE;
				CLANG_WARN_UNREACHABLE_CODE = YES;
				CLANG_WARN__DUPLICATE_METHOD_MATCH = YES;
				COPY_PHASE_STRIP = NO;
				DEBUG_INFORMATION_FORMAT = "dwarf-with-dsym";
				ENABLE_NS_ASSERTIONS = NO;
				ENABLE_STRICT_OBJC_MSGSEND = YES;
				GCC_C_LANGUAGE_STANDARD = gnu11;
				GCC_NO_COMMON_BLOCKS = YES;
				GCC_WARN_64_TO_32_BIT_CONVERSION = YES;
				GCC_WARN_ABOUT_RETURN_TYPE = YES_ERROR;
				GCC_WARN_UNDECLARED_SELECTOR = YES;
				GCC_WARN_UNINITIALIZED_AUTOS = YES_AGGRESSIVE;
				GCC_WARN_UNUSED_FUNCTION = YES;
				GCC_WARN_UNUSED_VARIABLE = YES;
				IPHONEOS_DEPLOYMENT_TARGET = 14.0;
				MTL_ENABLE_DEBUG_INFO = NO;
				MTL_FAST_MATH = YES;
				SDKROOT = iphoneos;
				SWIFT_COMPILATION_MODE = wholemodule;
				SWIFT_OPTIMIZATION_LEVEL = "-O";
				VALIDATE_PRODUCT = YES;
			};
			name = Release;
		};
		9F2F405E2535B727005F524C /* Debug */ = {
			isa = XCBuildConfiguration;
			buildSettings = {
				ASSETCATALOG_COMPILER_APPICON_NAME = AppIcon;
				ASSETCATALOG_COMPILER_GLOBAL_ACCENT_COLOR_NAME = AccentColor;
				CODE_SIGN_STYLE = Automatic;
				DEVELOPMENT_ASSET_PATHS = "\"movielist-mvvm-swiftui/Preview Content\"";
				DEVELOPMENT_TEAM = 72YL2T3XT5;
				ENABLE_PREVIEWS = YES;
				INFOPLIST_FILE = "movielist-mvvm-swiftui/Info.plist";
				LD_RUNPATH_SEARCH_PATHS = (
					"$(inherited)",
					"@executable_path/Frameworks",
				);
				PRODUCT_BUNDLE_IDENTIFIER = "com.izn.movielist-mvvm-swiftui";
				PRODUCT_NAME = "$(TARGET_NAME)";
				SWIFT_VERSION = 5.0;
				TARGETED_DEVICE_FAMILY = "1,2";
			};
			name = Debug;
		};
		9F2F405F2535B727005F524C /* Release */ = {
			isa = XCBuildConfiguration;
			buildSettings = {
				ASSETCATALOG_COMPILER_APPICON_NAME = AppIcon;
				ASSETCATALOG_COMPILER_GLOBAL_ACCENT_COLOR_NAME = AccentColor;
				CODE_SIGN_STYLE = Automatic;
				DEVELOPMENT_ASSET_PATHS = "\"movielist-mvvm-swiftui/Preview Content\"";
				DEVELOPMENT_TEAM = 72YL2T3XT5;
				ENABLE_PREVIEWS = YES;
				INFOPLIST_FILE = "movielist-mvvm-swiftui/Info.plist";
				LD_RUNPATH_SEARCH_PATHS = (
					"$(inherited)",
					"@executable_path/Frameworks",
				);
				PRODUCT_BUNDLE_IDENTIFIER = "com.izn.movielist-mvvm-swiftui";
				PRODUCT_NAME = "$(TARGET_NAME)";
				SWIFT_VERSION = 5.0;
				TARGETED_DEVICE_FAMILY = "1,2";
			};
			name = Release;
		};
/* End XCBuildConfiguration section */

/* Begin XCConfigurationList section */
		9F2F40442535B727005F524C /* Build configuration list for PBXProject "movielist-mvvm-swiftui" */ = {
			isa = XCConfigurationList;
			buildConfigurations = (
				9F2F405B2535B727005F524C /* Debug */,
				9F2F405C2535B727005F524C /* Release */,
			);
			defaultConfigurationIsVisible = 0;
			defaultConfigurationName = Release;
		};
		9F2F405D2535B727005F524C /* Build configuration list for PBXNativeTarget "movielist-mvvm-swiftui" */ = {
			isa = XCConfigurationList;
			buildConfigurations = (
				9F2F405E2535B727005F524C /* Debug */,
				9F2F405F2535B727005F524C /* Release */,
			);
			defaultConfigurationIsVisible = 0;
			defaultConfigurationName = Release;
		};
/* End XCConfigurationList section */

/* Begin XCRemoteSwiftPackageReference section */
		9F2F407A2535B939005F524C /* XCRemoteSwiftPackageReference "url-image" */ = {
			isa = XCRemoteSwiftPackageReference;
			repositoryURL = "https://github.com/dmytro-anokhin/url-image.git";
			requirement = {
				kind = upToNextMajorVersion;
				minimumVersion = 0.9.19;
			};
		};
/* End XCRemoteSwiftPackageReference section */

/* Begin XCSwiftPackageProductDependency section */
		9F2F407B2535B939005F524C /* URLImage */ = {
			isa = XCSwiftPackageProductDependency;
			package = 9F2F407A2535B939005F524C /* XCRemoteSwiftPackageReference "url-image" */;
			productName = URLImage;
		};
/* End XCSwiftPackageProductDependency section */
	};
	rootObject = 9F2F40412535B727005F524C /* Project object */;
}
